
Microsoft Visual Studio Solution File, Format Version 12.00
# Visual Studio Version 17
VisualStudioVersion = 17.12.35527.113
MinimumVisualStudioVersion = 10.0.40219.1
Project("{FAE04EC0-301F-11D3-BF4B-00C04F79EFBC}") = "KpblcCadInfrastructure.Abstractions", "KpblcCadInfrastructure.Abstractions\KpblcCadInfrastructure.Abstractions.csproj", "{010AC6B4-0F9A-4778-A6F8-E3696AAFA78C}"
EndProject
Project("{FAE04EC0-301F-11D3-BF4B-00C04F79EFBC}") = "KpblcCadInfrastructure.CAD.NET", "KpblcCadInfrastructure.CAD.NET\KpblcCadInfrastructure.CAD.NET.csproj", "{FFCE6BD0-7A0E-426B-83C6-9290E7CA45DD}"
EndProject
Project("{FAE04EC0-301F-11D3-BF4B-00C04F79EFBC}") = "KpblcCadInfrastructure.Core.NET", "KpblcCadInfrastructure.Core.NET\KpblcCadInfrastructure.Core.NET.csproj", "{18262EF1-F1B7-4B11-B983-6ABA0F7442B0}"
EndProject
Project("{2150E333-8FDC-42A3-9474-1A3956D46DE8}") = "Tests", "Tests", "{CE2BD0A0-BC8A-4432-9B7D-01FB3DC3479D}"
EndProject
Project("{FAE04EC0-301F-11D3-BF4B-00C04F79EFBC}") = "KpblcCadInfrastructure.NUnitTests", "Tests\KpblcCadInfrastructure.NUnitTests\KpblcCadInfrastructure.NUnitTests.csproj", "{8D1D19CC-0375-410F-B8DC-488C3EBA8832}"
EndProject
Global
	GlobalSection(SolutionConfigurationPlatforms) = preSolution
		Debug|Any CPU = Debug|Any CPU
		Release|Any CPU = Release|Any CPU
	EndGlobalSection
	GlobalSection(ProjectConfigurationPlatforms) = postSolution
		{010AC6B4-0F9A-4778-A6F8-E3696AAFA78C}.Debug|Any CPU.ActiveCfg = Debug|Any CPU
		{010AC6B4-0F9A-4778-A6F8-E3696AAFA78C}.Debug|Any CPU.Build.0 = Debug|Any CPU
		{010AC6B4-0F9A-4778-A6F8-E3696AAFA78C}.Release|Any CPU.ActiveCfg = Release|Any CPU
		{010AC6B4-0F9A-4778-A6F8-E3696AAFA78C}.Release|Any CPU.Build.0 = Release|Any CPU
		{FFCE6BD0-7A0E-426B-83C6-9290E7CA45DD}.Debug|Any CPU.ActiveCfg = Debug|Any CPU
		{FFCE6BD0-7A0E-426B-83C6-9290E7CA45DD}.Debug|Any CPU.Build.0 = Debug|Any CPU
		{FFCE6BD0-7A0E-426B-83C6-9290E7CA45DD}.Release|Any CPU.ActiveCfg = Release|Any CPU
		{FFCE6BD0-7A0E-426B-83C6-9290E7CA45DD}.Release|Any CPU.Build.0 = Release|Any CPU
		{18262EF1-F1B7-4B11-B983-6ABA0F7442B0}.Debug|Any CPU.ActiveCfg = Debug|Any CPU
		{18262EF1-F1B7-4B11-B983-6ABA0F7442B0}.Debug|Any CPU.Build.0 = Debug|Any CPU
		{18262EF1-F1B7-4B11-B983-6ABA0F7442B0}.Release|Any CPU.ActiveCfg = Release|Any CPU
		{18262EF1-F1B7-4B11-B983-6ABA0F7442B0}.Release|Any CPU.Build.0 = Release|Any CPU
		{8D1D19CC-0375-410F-B8DC-488C3EBA8832}.Debug|Any CPU.ActiveCfg = Debug|Any CPU
		{8D1D19CC-0375-410F-B8DC-488C3EBA8832}.Debug|Any CPU.Build.0 = Debug|Any CPU
		{8D1D19CC-0375-410F-B8DC-488C3EBA8832}.Release|Any CPU.ActiveCfg = Release|Any CPU
		{8D1D19CC-0375-410F-B8DC-488C3EBA8832}.Release|Any CPU.Build.0 = Release|Any CPU
	EndGlobalSection
	GlobalSection(SolutionProperties) = preSolution
		HideSolutionNode = FALSE
	EndGlobalSection
	GlobalSection(NestedProjects) = preSolution
		{8D1D19CC-0375-410F-B8DC-488C3EBA8832} = {CE2BD0A0-BC8A-4432-9B7D-01FB3DC3479D}
	EndGlobalSection
EndGlobal
